// !$*UTF8*$!
{
	archiveVersion = 1;
	classes = {
	};
	objectVersion = 46;
	objects = {

/* Begin PBXBuildFile section */
		DC54A1B81CCE0332006FAA72 /* main.m in Sources */ = {isa = PBXBuildFile; fileRef = DC54A1B71CCE0332006FAA72 /* main.m */; };
		DC54A1BB1CCE0332006FAA72 /* AppDelegate.m in Sources */ = {isa = PBXBuildFile; fileRef = DC54A1BA1CCE0332006FAA72 /* AppDelegate.m */; };
		DC54A1BE1CCE0332006FAA72 /* ViewController.m in Sources */ = {isa = PBXBuildFile; fileRef = DC54A1BD1CCE0332006FAA72 /* ViewController.m */; };
		DC54A1C11CCE0333006FAA72 /* Main.storyboard in Resources */ = {isa = PBXBuildFile; fileRef = DC54A1BF1CCE0333006FAA72 /* Main.storyboard */; };
		DC54A1C31CCE0333006FAA72 /* Images.xcassets in Resources */ = {isa = PBXBuildFile; fileRef = DC54A1C21CCE0333006FAA72 /* Images.xcassets */; };
		DC54A1C61CCE0333006FAA72 /* LaunchScreen.xib in Resources */ = {isa = PBXBuildFile; fileRef = DC54A1C41CCE0333006FAA72 /* LaunchScreen.xib */; };
		DC54A1D21CCE0333006FAA72 /* GitHub2Tests.m in Sources */ = {isa = PBXBuildFile; fileRef = DC54A1D11CCE0333006FAA72 /* GitHub2Tests.m */; };
/* End PBXBuildFile section */

/* Begin PBXContainerItemProxy section */
		DC54A1CC1CCE0333006FAA72 /* PBXContainerItemProxy */ = {
			isa = PBXContainerItemProxy;
			containerPortal = DC54A1AA1CCE0332006FAA72 /* Project object */;
			proxyType = 1;
			remoteGlobalIDString = DC54A1B11CCE0332006FAA72;
			remoteInfo = GitHub2;
		};
/* End PBXContainerItemProxy section */

/* Begin PBXFileReference section */
		DC54A1B21CCE0332006FAA72 /* GitHub2.app */ = {isa = PBXFileReference; explicitFileType = wrapper.application; includeInIndex = 0; path = GitHub2.app; sourceTree = BUILT_PRODUCTS_DIR; };
		DC54A1B61CCE0332006FAA72 /* Info.plist */ = {isa = PBXFileReference; lastKnownFileType = text.plist.xml; path = Info.plist; sourceTree = "<group>"; };
		DC54A1B71CCE0332006FAA72 /* main.m */ = {isa = PBXFileReference; lastKnownFileType = sourcecode.c.objc; path = main.m; sourceTree = "<group>"; };
		DC54A1B91CCE0332006FAA72 /* AppDelegate.h */ = {isa = PBXFileReference; lastKnownFileType = sourcecode.c.h; path = AppDelegate.h; sourceTree = "<group>"; };
		DC54A1BA1CCE0332006FAA72 /* AppDelegate.m */ = {isa = PBXFileReference; lastKnownFileType = sourcecode.c.objc; path = AppDelegate.m; sourceTree = "<group>"; };
		DC54A1BC1CCE0332006FAA72 /* ViewController.h */ = {isa = PBXFileReference; lastKnownFileType = sourcecode.c.h; path = ViewController.h; sourceTree = "<group>"; };
		DC54A1BD1CCE0332006FAA72 /* ViewController.m */ = {isa = PBXFileReference; lastKnownFileType = sourcecode.c.objc; path = ViewController.m; sourceTree = "<group>"; };
		DC54A1C01CCE0333006FAA72 /* Base */ = {isa = PBXFileReference; lastKnownFileType = file.storyboard; name = Base; path = Base.lproj/Main.storyboard; sourceTree = "<group>"; };
		DC54A1C21CCE0333006FAA72 /* Images.xcassets */ = {isa = PBXFileReference; lastKnownFileType = folder.assetcatalog; path = Images.xcassets; sourceTree = "<group>"; };
		DC54A1C51CCE0333006FAA72 /* Base */ = {isa = PBXFileReference; lastKnownFileType = file.xib; name = Base; path = Base.lproj/LaunchScreen.xib; sourceTree = "<group>"; };
		DC54A1CB1CCE0333006FAA72 /* GitHub2Tests.xctest */ = {isa = PBXFileReference; explicitFileType = wrapper.cfbundle; includeInIndex = 0; path = GitHub2Tests.xctest; sourceTree = BUILT_PRODUCTS_DIR; };
		DC54A1D01CCE0333006FAA72 /* Info.plist */ = {isa = PBXFileReference; lastKnownFileType = text.plist.xml; path = Info.plist; sourceTree = "<group>"; };
		DC54A1D11CCE0333006FAA72 /* GitHub2Tests.m */ = {isa = PBXFileReference; lastKnownFileType = sourcecode.c.objc; path = GitHub2Tests.m; sourceTree = "<group>"; };
/* End PBXFileReference section */

/* Begin PBXFrameworksBuildPhase section */
		DC54A1AF1CCE0332006FAA72 /* Frameworks */ = {
			isa = PBXFrameworksBuildPhase;
			buildActionMask = 2147483647;
			files = (
			);
			runOnlyForDeploymentPostprocessing = 0;
		};
		DC54A1C81CCE0333006FAA72 /* Frameworks */ = {
			isa = PBXFrameworksBuildPhase;
			buildActionMask = 2147483647;
			files = (
			);
			runOnlyForDeploymentPostprocessing = 0;
		};
/* End PBXFrameworksBuildPhase section */

/* Begin PBXGroup section */
		DC54A1A91CCE0332006FAA72 = {
			isa = PBXGroup;
			children = (
				DC54A1B41CCE0332006FAA72 /* GitHub2 */,
				DC54A1CE1CCE0333006FAA72 /* GitHub2Tests */,
				DC54A1B31CCE0332006FAA72 /* Products */,
			);
			sourceTree = "<group>";
		};
		DC54A1B31CCE0332006FAA72 /* Products */ = {
			isa = PBXGroup;
			children = (
				DC54A1B21CCE0332006FAA72 /* GitHub2.app */,
				DC54A1CB1CCE0333006FAA72 /* GitHub2Tests.xctest */,
			);
			name = Products;
			sourceTree = "<group>";
		};
		DC54A1B41CCE0332006FAA72 /* GitHub2 */ = {
			isa = PBXGroup;
			children = (
				DC54A1B91CCE0332006FAA72 /* AppDelegate.h */,
				DC54A1BA1CCE0332006FAA72 /* AppDelegate.m */,
				DC54A1BC1CCE0332006FAA72 /* ViewController.h */,
				DC54A1BD1CCE0332006FAA72 /* ViewController.m */,
				DC54A1BF1CCE0333006FAA72 /* Main.storyboard */,
				DC54A1C21CCE0333006FAA72 /* Images.xcassets */,
				DC54A1C41CCE0333006FAA72 /* LaunchScreen.xib */,
				DC54A1B51CCE0332006FAA72 /* Supporting Files */,
			);
			path = GitHub2;
			sourceTree = "<group>";
		};
		DC54A1B51CCE0332006FAA72 /* Supporting Files */ = {
			isa = PBXGroup;
			children = (
				DC54A1B61CCE0332006FAA72 /* Info.plist */,
				DC54A1B71CCE0332006FAA72 /* main.m */,
			);
			name = "Supporting Files";
			sourceTree = "<group>";
		};
		DC54A1CE1CCE0333006FAA72 /* GitHub2Tests */ = {
			isa = PBXGroup;
			children = (
				DC54A1D11CCE0333006FAA72 /* GitHub2Tests.m */,
				DC54A1CF1CCE0333006FAA72 /* Supporting Files */,
			);
			path = GitHub2Tests;
			sourceTree = "<group>";
		};
		DC54A1CF1CCE0333006FAA72 /* Supporting Files */ = {
			isa = PBXGroup;
			children = (
				DC54A1D01CCE0333006FAA72 /* Info.plist */,
			);
			name = "Supporting Files";
			sourceTree = "<group>";
		};
/* End PBXGroup section */

/* Begin PBXNativeTarget section */
		DC54A1B11CCE0332006FAA72 /* GitHub2 */ = {
			isa = PBXNativeTarget;
			buildConfigurationList = DC54A1D51CCE0333006FAA72 /* Build configuration list for PBXNativeTarget "GitHub2" */;
			buildPhases = (
				DC54A1AE1CCE0332006FAA72 /* Sources */,
				DC54A1AF1CCE0332006FAA72 /* Frameworks */,
				DC54A1B01CCE0332006FAA72 /* Resources */,
			);
			buildRules = (
			);
			dependencies = (
			);
			name = GitHub2;
			productName = GitHub2;
			productReference = DC54A1B21CCE0332006FAA72 /* GitHub2.app */;
			productType = "com.apple.product-type.application";
		};
		DC54A1CA1CCE0333006FAA72 /* GitHub2Tests */ = {
			isa = PBXNativeTarget;
			buildConfigurationList = DC54A1D81CCE0333006FAA72 /* Build configuration list for PBXNativeTarget "GitHub2Tests" */;
			buildPhases = (
				DC54A1C71CCE0333006FAA72 /* Sources */,
				DC54A1C81CCE0333006FAA72 /* Frameworks */,
				DC54A1C91CCE0333006FAA72 /* Resources */,
			);
			buildRules = (
			);
			dependencies = (
				DC54A1CD1CCE0333006FAA72 /* PBXTargetDependency */,
			);
			name = GitHub2Tests;
			productName = GitHub2Tests;
			productReference = DC54A1CB1CCE0333006FAA72 /* GitHub2Tests.xctest */;
			productType = "com.apple.product-type.bundle.unit-test";
		};
/* End PBXNativeTarget section */

/* Begin PBXProject section */
		DC54A1AA1CCE0332006FAA72 /* Project object */ = {
			isa = PBXProject;
			attributes = {
				LastUpgradeCheck = 0610;
				ORGANIZATIONNAME = "梁国海";
				TargetAttributes = {
					DC54A1B11CCE0332006FAA72 = {
						CreatedOnToolsVersion = 6.1.1;
					};
					DC54A1CA1CCE0333006FAA72 = {
						CreatedOnToolsVersion = 6.1.1;
						TestTargetID = DC54A1B11CCE0332006FAA72;
					};
				};
			};
			buildConfigurationList = DC54A1AD1CCE0332006FAA72 /* Build configuration list for PBXProject "GitHub2" */;
			compatibilityVersion = "Xcode 3.2";
			developmentRegion = English;
			hasScannedForEncodings = 0;
			knownRegions = (
				en,
				Base,
			);
			mainGroup = DC54A1A91CCE0332006FAA72;
			productRefGroup = DC54A1B31CCE0332006FAA72 /* Products */;
			projectDirPath = "";
			projectRoot = "";
			targets = (
				DC54A1B11CCE0332006FAA72 /* GitHub2 */,
				DC54A1CA1CCE0333006FAA72 /* GitHub2Tests */,
			);
		};
/* End PBXProject section */

/* Begin PBXResourcesBuildPhase section */
		DC54A1B01CCE0332006FAA72 /* Resources */ = {
			isa = PBXResourcesBuildPhase;
			buildActionMask = 2147483647;
			files = (
				DC54A1C11CCE0333006FAA72 /* Main.storyboard in Resources */,
				DC54A1C61CCE0333006FAA72 /* LaunchScreen.xib in Resources */,
				DC54A1C31CCE0333006FAA72 /* Images.xcassets in Resources */,
			);
			runOnlyForDeploymentPostprocessing = 0;
		};
		DC54A1C91CCE0333006FAA72 /* Resources */ = {
			isa = PBXResourcesBuildPhase;
			buildActionMask = 2147483647;
			files = (
			);
			runOnlyForDeploymentPostprocessing = 0;
		};
/* End PBXResourcesBuildPhase section */

/* Begin PBXSourcesBuildPhase section */
		DC54A1AE1CCE0332006FAA72 /* Sources */ = {
			isa = PBXSourcesBuildPhase;
			buildActionMask = 2147483647;
			files = (
				DC54A1BE1CCE0332006FAA72 /* ViewController.m in Sources */,
				DC54A1BB1CCE0332006FAA72 /* AppDelegate.m in Sources */,
				DC54A1B81CCE0332006FAA72 /* main.m in Sources */,
			);
			runOnlyForDeploymentPostprocessing = 0;
		};
		DC54A1C71CCE0333006FAA72 /* Sources */ = {
			isa = PBXSourcesBuildPhase;
			buildActionMask = 2147483647;
			files = (
				DC54A1D21CCE0333006FAA72 /* GitHub2Tests.m in Sources */,
			);
			runOnlyForDeploymentPostprocessing = 0;
		};
/* End PBXSourcesBuildPhase section */

/* Begin PBXTargetDependency section */
		DC54A1CD1CCE0333006FAA72 /* PBXTargetDependency */ = {
			isa = PBXTargetDependency;
			target = DC54A1B11CCE0332006FAA72 /* GitHub2 */;
			targetProxy = DC54A1CC1CCE0333006FAA72 /* PBXContainerItemProxy */;
		};
/* End PBXTargetDependency section */

/* Begin PBXVariantGroup section */
		DC54A1BF1CCE0333006FAA72 /* Main.storyboard */ = {
			isa = PBXVariantGroup;
			children = (
				DC54A1C01CCE0333006FAA72 /* Base */,
			);
			name = Main.storyboard;
			sourceTree = "<group>";
		};
		DC54A1C41CCE0333006FAA72 /* LaunchScreen.xib */ = {
			isa = PBXVariantGroup;
			children = (
				DC54A1C51CCE0333006FAA72 /* Base */,
			);
			name = LaunchScreen.xib;
			sourceTree = "<group>";
		};
/* End PBXVariantGroup section */

/* Begin XCBuildConfiguration section */
		DC54A1D31CCE0333006FAA72 /* Debug */ = {
			isa = XCBuildConfiguration;
			buildSettings = {
				ALWAYS_SEARCH_USER_PATHS = NO;
				CLANG_CXX_LANGUAGE_STANDARD = "gnu++0x";
				CLANG_CXX_LIBRARY = "libc++";
				CLANG_ENABLE_MODULES = YES;
				CLANG_ENABLE_OBJC_ARC = YES;
				CLANG_WARN_BOOL_CONVERSION = YES;
				CLANG_WARN_CONSTANT_CONVERSION = YES;
				CLANG_WARN_DIRECT_OBJC_ISA_USAGE = YES_ERROR;
				CLANG_WARN_EMPTY_BODY = YES;
				CLANG_WARN_ENUM_CONVERSION = YES;
				CLANG_WARN_INT_CONVERSION = YES;
				CLANG_WARN_OBJC_ROOT_CLASS = YES_ERROR;
				CLANG_WARN_UNREACHABLE_CODE = YES;
				CLANG_WARN__DUPLICATE_METHOD_MATCH = YES;
				"CODE_SIGN_IDENTITY[sdk=iphoneos*]" = "iPhone Developer";
				COPY_PHASE_STRIP = NO;
				ENABLE_STRICT_OBJC_MSGSEND = YES;
				GCC_C_LANGUAGE_STANDARD = gnu99;
				GCC_DYNAMIC_NO_PIC = NO;
				GCC_OPTIMIZATION_LEVEL = 0;
				GCC_PREPROCESSOR_DEFINITIONS = (
					"DEBUG=1",
					"$(inherited)",
				);
				GCC_SYMBOLS_PRIVATE_EXTERN = NO;
				GCC_WARN_64_TO_32_BIT_CONVERSION = YES;
				GCC_WARN_ABOUT_RETURN_TYPE = YES_ERROR;
				GCC_WARN_UNDECLARED_SELECTOR = YES;
				GCC_WARN_UNINITIALIZED_AUTOS = YES_AGGRESSIVE;
				GCC_WARN_UNUSED_FUNCTION = YES;
				GCC_WARN_UNUSED_VARIABLE = YES;
				IPHONEOS_DEPLOYMENT_TARGET = 8.1;
				MTL_ENABLE_DEBUG_INFO = YES;
				ONLY_ACTIVE_ARCH = YES;
				SDKROOT = iphoneos;
			};
			name = Debug;
		};
		DC54A1D41CCE0333006FAA72 /* Release */ = {
			isa = XCBuildConfiguration;
			buildSettings = {
				ALWAYS_SEARCH_USER_PATHS = NO;
				CLANG_CXX_LANGUAGE_STANDARD = "gnu++0x";
				CLANG_CXX_LIBRARY = "libc++";
				CLANG_ENABLE_MODULES = YES;
				CLANG_ENABLE_OBJC_ARC = YES;
				CLANG_WARN_BOOL_CONVERSION = YES;
				CLANG_WARN_CONSTANT_CONVERSION = YES;
				CLANG_WARN_DIRECT_OBJC_ISA_USAGE = YES_ERROR;
				CLANG_WARN_EMPTY_BODY = YES;
				CLANG_WARN_ENUM_CONVERSION = YES;
				CLANG_WARN_INT_CONVERSION = YES;
				CLANG_WARN_OBJC_ROOT_CLASS = YES_ERROR;
				CLANG_WARN_UNREACHABLE_CODE = YES;
				CLANG_WARN__DUPLICATE_METHOD_MATCH = YES;
				"CODE_SIGN_IDENTITY[sdk=iphoneos*]" = "iPhone Developer";
				COPY_PHASE_STRIP = YES;
				ENABLE_NS_ASSERTIONS = NO;
				ENABLE_STRICT_OBJC_MSGSEND = YES;
				GCC_C_LANGUAGE_STANDARD = gnu99;
				GCC_WARN_64_TO_32_BIT_CONVERSION = YES;
				GCC_WARN_ABOUT_RETURN_TYPE = YES_ERROR;
				GCC_WARN_UNDECLARED_SELECTOR = YES;
				GCC_WARN_UNINITIALIZED_AUTOS = YES_AGGRESSIVE;
				GCC_WARN_UNUSED_FUNCTION = YES;
				GCC_WARN_UNUSED_VARIABLE = YES;
				IPHONEOS_DEPLOYMENT_TARGET = 8.1;
				MTL_ENABLE_DEBUG_INFO = NO;
				SDKROOT = iphoneos;
				VALIDATE_PRODUCT = YES;
			};
			name = Release;
		};
		DC54A1D61CCE0333006FAA72 /* Debug */ = {
			isa = XCBuildConfiguration;
			buildSettings = {
				ASSETCATALOG_COMPILER_APPICON_NAME = AppIcon;
				INFOPLIST_FILE = GitHub2/Info.plist;
				LD_RUNPATH_SEARCH_PATHS = "$(inherited) @executable_path/Frameworks";
				PRODUCT_NAME = "$(TARGET_NAME)";
			};
			name = Debug;
		};
		DC54A1D71CCE0333006FAA72 /* Release */ = {
			isa = XCBuildConfiguration;
			buildSettings = {
				ASSETCATALOG_COMPILER_APPICON_NAME = AppIcon;
				INFOPLIST_FILE = GitHub2/Info.plist;
				LD_RUNPATH_SEARCH_PATHS = "$(inherited) @executable_path/Frameworks";
				PRODUCT_NAME = "$(TARGET_NAME)";
			};
			name = Release;
		};
		DC54A1D91CCE0333006FAA72 /* Debug */ = {
			isa = XCBuildConfiguration;
			buildSettings = {
				BUNDLE_LOADER = "$(TEST_HOST)";
				FRAMEWORK_SEARCH_PATHS = (
					"$(SDKROOT)/Developer/Library/Frameworks",
					"$(inherited)",
				);
				GCC_PREPROCESSOR_DEFINITIONS = (
					"DEBUG=1",
					"$(inherited)",
				);
				INFOPLIST_FILE = GitHub2Tests/Info.plist;
				LD_RUNPATH_SEARCH_PATHS = "$(inherited) @executable_path/Frameworks @loader_path/Frameworks";
				PRODUCT_NAME = "$(TARGET_NAME)";
				TEST_HOST = "$(BUILT_PRODUCTS_DIR)/GitHub2.app/GitHub2";
			};
			name = Debug;
		};
		DC54A1DA1CCE0333006FAA72 /* Release */ = {
			isa = XCBuildConfiguration;
			buildSettings = {
				BUNDLE_LOADER = "$(TEST_HOST)";
				FRAMEWORK_SEARCH_PATHS = (
					"$(SDKROOT)/Developer/Library/Frameworks",
					"$(inherited)",
				);
				INFOPLIST_FILE = GitHub2Tests/Info.plist;
				LD_RUNPATH_SEARCH_PATHS = "$(inherited) @executable_path/Frameworks @loader_path/Frameworks";
				PRODUCT_NAME = "$(TARGET_NAME)";
				TEST_HOST = "$(BUILT_PRODUCTS_DIR)/GitHub2.app/GitHub2";
			};
			name = Release;
		};
/* End XCBuildConfiguration section */

/* Begin XCConfigurationList section */
		DC54A1AD1CCE0332006FAA72 /* Build configuration list for PBXProject "GitHub2" */ = {
			isa = XCConfigurationList;
			buildConfigurations = (
				DC54A1D31CCE0333006FAA72 /* Debug */,
				DC54A1D41CCE0333006FAA72 /* Release */,
			);
			defaultConfigurationIsVisible = 0;
			defaultConfigurationName = Release;
		};
		DC54A1D51CCE0333006FAA72 /* Build configuration list for PBXNativeTarget "GitHub2" */ = {
			isa = XCConfigurationList;
			buildConfigurations = (
				DC54A1D61CCE0333006FAA72 /* Debug */,
				DC54A1D71CCE0333006FAA72 /* Release */,
			);
			defaultConfigurationIsVisible = 0;
		};
		DC54A1D81CCE0333006FAA72 /* Build configuration list for PBXNativeTarget "GitHub2Tests" */ = {
			isa = XCConfigurationList;
			buildConfigurations = (
				DC54A1D91CCE0333006FAA72 /* Debug */,
				DC54A1DA1CCE0333006FAA72 /* Release */,
			);
			defaultConfigurationIsVisible = 0;
		};
/* End XCConfigurationList section */
	};
	rootObject = DC54A1AA1CCE0332006FAA72 /* Project object */;
}
